
Microsoft Visual Studio Solution File, Format Version 12.00
# Visual Studio Version 17
VisualStudioVersion = 17.11.35222.181
MinimumVisualStudioVersion = 10.0.40219.1
Project("{FAE04EC0-301F-11D3-BF4B-00C04F79EFBC}") = "ADO.net databse CRUD Console Application", "ADO.net databse CRUD Console Application.csproj", "{1DABACE4-C2F7-4CF6-8B4B-A26C8518F48B}"
EndProject
Global
	GlobalSection(SolutionConfigurationPlatforms) = preSolution
		Debug|Any CPU = Debug|Any CPU
		Release|Any CPU = Release|Any CPU
	EndGlobalSection
	GlobalSection(ProjectConfigurationPlatforms) = postSolution
		{1DABACE4-C2F7-4CF6-8B4B-A26C8518F48B}.Debug|Any CPU.ActiveCfg = Debug|Any CPU
		{1DABACE4-C2F7-4CF6-8B4B-A26C8518F48B}.Debug|Any CPU.Build.0 = Debug|Any CPU
		{1DABACE4-C2F7-4CF6-8B4B-A26C8518F48B}.Release|Any CPU.ActiveCfg = Release|Any CPU
		{1DABACE4-C2F7-4CF6-8B4B-A26C8518F48B}.Release|Any CPU.Build.0 = Release|Any CPU
	EndGlobalSection
	GlobalSection(SolutionProperties) = preSolution
		HideSolutionNode = FALSE
	EndGlobalSection
	GlobalSection(ExtensibilityGlobals) = postSolution
		SolutionGuid = {E07D7D47-E95F-4BDF-9C39-7E5680393D40}
	EndGlobalSection
EndGlobal
